
Microsoft Visual Studio Solution File, Format Version 12.00
# Visual Studio 2013
VisualStudioVersion = 12.0.30110.0
MinimumVisualStudioVersion = 10.0.40219.1
Project("{2150E333-8FDC-42A3-9474-1A3956D46DE8}") = "Domain Layer", "Domain Layer", "{1D17BF72-7DE3-42D4-9387-C4FA0AE2CA37}"
EndProject
Project("{FAE04EC0-301F-11D3-BF4B-00C04F79EFBC}") = "IBuyStuff.Domain", "Domain\IBuyStuff.Domain\IBuyStuff.Domain.csproj", "{AEB0BB1B-1D7E-46D8-84CC-35FCD9AF32A5}"
EndProject
Project("{2150E333-8FDC-42A3-9474-1A3956D46DE8}") = "Presentation Layer", "Presentation Layer", "{6B75A76B-A82B-4423-9DA6-78AC4C301B2B}"
EndProject
Project("{2150E333-8FDC-42A3-9474-1A3956D46DE8}") = "Infrastructure Layer", "Infrastructure Layer", "{AD278C59-758B-4B58-9166-A26E31014D32}"
EndProject
Project("{2150E333-8FDC-42A3-9474-1A3956D46DE8}") = "Application Layer", "Application Layer", "{25C6F5F4-F736-49A9-B468-2954949FEF2F}"
EndProject
Project("{FAE04EC0-301F-11D3-BF4B-00C04F79EFBC}") = "IBuyStuff.Application", "Site\IBuyStuff.Application\IBuyStuff.Application.csproj", "{A2872BCC-7D5F-46F6-885A-AC428B28461F}"
EndProject
Project("{2150E333-8FDC-42A3-9474-1A3956D46DE8}") = "Site", "Site", "{8B75A3A4-C583-42CA-BCEA-80F9BC899515}"
EndProject
Project("{2150E333-8FDC-42A3-9474-1A3956D46DE8}") = "Persistence", "Persistence", "{CD19DA3E-4D69-4146-B137-2EF689DC99AF}"
EndProject
Project("{2150E333-8FDC-42A3-9474-1A3956D46DE8}") = "Misc", "Misc", "{A50FB555-6D29-4B80-B6B6-B863CE1D0B85}"
EndProject
Project("{FAE04EC0-301F-11D3-BF4B-00C04F79EFBC}") = "IBuyStuff.Persistence", "Infrastructure\IBuyStuff.Persistence\IBuyStuff.Persistence.csproj", "{EED12385-ECBD-4C32-B941-F0444F5FA272}"
EndProject
Project("{FAE04EC0-301F-11D3-BF4B-00C04F79EFBC}") = "IBuyStuff.Domain.Services", "Domain\IBuyStuff.Domain.Services\IBuyStuff.Domain.Services.csproj", "{CEE3528B-DC25-4067-A903-F26EDAD64F8D}"
EndProject
Project("{FAE04EC0-301F-11D3-BF4B-00C04F79EFBC}") = "IBuyStuff.Server", "Site\IBuyStuff.Server\IBuyStuff.Server.csproj", "{695868AD-2F6F-4C57-8F6D-B65743A7A6B2}"
EndProject
Project("{FAE04EC0-301F-11D3-BF4B-00C04F79EFBC}") = "IBuyStuff.Infrastructure", "Infrastructure\IBuyStuff.Infrastructure\IBuyStuff.Infrastructure.csproj", "{B975CA4F-47F9-4B17-AA44-A8AC2E829C4B}"
EndProject
Global
	GlobalSection(SolutionConfigurationPlatforms) = preSolution
		Debug|Any CPU = Debug|Any CPU
		Release|Any CPU = Release|Any CPU
	EndGlobalSection
	GlobalSection(ProjectConfigurationPlatforms) = postSolution
		{AEB0BB1B-1D7E-46D8-84CC-35FCD9AF32A5}.Debug|Any CPU.ActiveCfg = Debug|Any CPU
		{AEB0BB1B-1D7E-46D8-84CC-35FCD9AF32A5}.Debug|Any CPU.Build.0 = Debug|Any CPU
		{AEB0BB1B-1D7E-46D8-84CC-35FCD9AF32A5}.Release|Any CPU.ActiveCfg = Release|Any CPU
		{AEB0BB1B-1D7E-46D8-84CC-35FCD9AF32A5}.Release|Any CPU.Build.0 = Release|Any CPU
		{A2872BCC-7D5F-46F6-885A-AC428B28461F}.Debug|Any CPU.ActiveCfg = Debug|Any CPU
		{A2872BCC-7D5F-46F6-885A-AC428B28461F}.Debug|Any CPU.Build.0 = Debug|Any CPU
		{A2872BCC-7D5F-46F6-885A-AC428B28461F}.Release|Any CPU.ActiveCfg = Release|Any CPU
		{A2872BCC-7D5F-46F6-885A-AC428B28461F}.Release|Any CPU.Build.0 = Release|Any CPU
		{EED12385-ECBD-4C32-B941-F0444F5FA272}.Debug|Any CPU.ActiveCfg = Debug|Any CPU
		{EED12385-ECBD-4C32-B941-F0444F5FA272}.Debug|Any CPU.Build.0 = Debug|Any CPU
		{EED12385-ECBD-4C32-B941-F0444F5FA272}.Release|Any CPU.ActiveCfg = Release|Any CPU
		{EED12385-ECBD-4C32-B941-F0444F5FA272}.Release|Any CPU.Build.0 = Release|Any CPU
		{CEE3528B-DC25-4067-A903-F26EDAD64F8D}.Debug|Any CPU.ActiveCfg = Debug|Any CPU
		{CEE3528B-DC25-4067-A903-F26EDAD64F8D}.Debug|Any CPU.Build.0 = Debug|Any CPU
		{CEE3528B-DC25-4067-A903-F26EDAD64F8D}.Release|Any CPU.ActiveCfg = Release|Any CPU
		{CEE3528B-DC25-4067-A903-F26EDAD64F8D}.Release|Any CPU.Build.0 = Release|Any CPU
		{695868AD-2F6F-4C57-8F6D-B65743A7A6B2}.Debug|Any CPU.ActiveCfg = Debug|Any CPU
		{695868AD-2F6F-4C57-8F6D-B65743A7A6B2}.Debug|Any CPU.Build.0 = Debug|Any CPU
		{695868AD-2F6F-4C57-8F6D-B65743A7A6B2}.Release|Any CPU.ActiveCfg = Release|Any CPU
		{695868AD-2F6F-4C57-8F6D-B65743A7A6B2}.Release|Any CPU.Build.0 = Release|Any CPU
		{B975CA4F-47F9-4B17-AA44-A8AC2E829C4B}.Debug|Any CPU.ActiveCfg = Debug|Any CPU
		{B975CA4F-47F9-4B17-AA44-A8AC2E829C4B}.Debug|Any CPU.Build.0 = Debug|Any CPU
		{B975CA4F-47F9-4B17-AA44-A8AC2E829C4B}.Release|Any CPU.ActiveCfg = Release|Any CPU
		{B975CA4F-47F9-4B17-AA44-A8AC2E829C4B}.Release|Any CPU.Build.0 = Release|Any CPU
	EndGlobalSection
	GlobalSection(SolutionProperties) = preSolution
		HideSolutionNode = FALSE
	EndGlobalSection
	GlobalSection(NestedProjects) = preSolution
		{AEB0BB1B-1D7E-46D8-84CC-35FCD9AF32A5} = {1D17BF72-7DE3-42D4-9387-C4FA0AE2CA37}
		{CEE3528B-DC25-4067-A903-F26EDAD64F8D} = {1D17BF72-7DE3-42D4-9387-C4FA0AE2CA37}
		{25C6F5F4-F736-49A9-B468-2954949FEF2F} = {8B75A3A4-C583-42CA-BCEA-80F9BC899515}
		{6B75A76B-A82B-4423-9DA6-78AC4C301B2B} = {8B75A3A4-C583-42CA-BCEA-80F9BC899515}
		{CD19DA3E-4D69-4146-B137-2EF689DC99AF} = {AD278C59-758B-4B58-9166-A26E31014D32}
		{A50FB555-6D29-4B80-B6B6-B863CE1D0B85} = {AD278C59-758B-4B58-9166-A26E31014D32}
		{A2872BCC-7D5F-46F6-885A-AC428B28461F} = {25C6F5F4-F736-49A9-B468-2954949FEF2F}
		{695868AD-2F6F-4C57-8F6D-B65743A7A6B2} = {6B75A76B-A82B-4423-9DA6-78AC4C301B2B}
		{EED12385-ECBD-4C32-B941-F0444F5FA272} = {CD19DA3E-4D69-4146-B137-2EF689DC99AF}
		{B975CA4F-47F9-4B17-AA44-A8AC2E829C4B} = {A50FB555-6D29-4B80-B6B6-B863CE1D0B85}
	EndGlobalSection
EndGlobal
